// !$*UTF8*$!
{
	archiveVersion = 1;
	classes = {
	};
	objectVersion = 56;
	objects = {

/* Begin PBXBuildFile section */
		9F9E4E4F29378B2500E7A1EF /* TestProjectApp.swift in Sources */ = {isa = PBXBuildFile; fileRef = 9F9E4E4E29378B2500E7A1EF /* TestProjectApp.swift */; };
		9F9E4E5129378B2500E7A1EF /* ContentView.swift in Sources */ = {isa = PBXBuildFile; fileRef = 9F9E4E5029378B2500E7A1EF /* ContentView.swift */; };
		9F9E4E5329378B2600E7A1EF /* Assets.xcassets in Resources */ = {isa = PBXBuildFile; fileRef = 9F9E4E5229378B2600E7A1EF /* Assets.xcassets */; };
		9F9E4E5629378B2600E7A1EF /* Preview Assets.xcassets in Resources */ = {isa = PBXBuildFile; fileRef = 9F9E4E5529378B2600E7A1EF /* Preview Assets.xcassets */; };
		9F9E4E5829378B2600E7A1EF /* Persistence.swift in Sources */ = {isa = PBXBuildFile; fileRef = 9F9E4E5729378B2600E7A1EF /* Persistence.swift */; };
		9F9E4E5B29378B2600E7A1EF /* TestProject.xcdatamodeld in Sources */ = {isa = PBXBuildFile; fileRef = 9F9E4E5929378B2600E7A1EF /* TestProject.xcdatamodeld */; };
		9F9E4E6529378B2600E7A1EF /* TestProjectTests.swift in Sources */ = {isa = PBXBuildFile; fileRef = 9F9E4E6429378B2600E7A1EF /* TestProjectTests.swift */; };
		9F9E4E6F29378B2600E7A1EF /* TestProjectUITests.swift in Sources */ = {isa = PBXBuildFile; fileRef = 9F9E4E6E29378B2600E7A1EF /* TestProjectUITests.swift */; };
		9F9E4E7129378B2600E7A1EF /* TestProjectUITestsLaunchTests.swift in Sources */ = {isa = PBXBuildFile; fileRef = 9F9E4E7029378B2600E7A1EF /* TestProjectUITestsLaunchTests.swift */; };
		9F9E4E7F29378D7F00E7A1EF /* Words+CoreDataClass.swift in Sources */ = {isa = PBXBuildFile; fileRef = 9F9E4E7D29378D7F00E7A1EF /* Words+CoreDataClass.swift */; };
		9F9E4E8029378D7F00E7A1EF /* Words+CoreDataProperties.swift in Sources */ = {isa = PBXBuildFile; fileRef = 9F9E4E7E29378D7F00E7A1EF /* Words+CoreDataProperties.swift */; };
/* End PBXBuildFile section */

/* Begin PBXContainerItemProxy section */
		9F9E4E6129378B2600E7A1EF /* PBXContainerItemProxy */ = {
			isa = PBXContainerItemProxy;
			containerPortal = 9F9E4E4329378B2500E7A1EF /* Project object */;
			proxyType = 1;
			remoteGlobalIDString = 9F9E4E4A29378B2500E7A1EF;
			remoteInfo = TestProject;
		};
		9F9E4E6B29378B2600E7A1EF /* PBXContainerItemProxy */ = {
			isa = PBXContainerItemProxy;
			containerPortal = 9F9E4E4329378B2500E7A1EF /* Project object */;
			proxyType = 1;
			remoteGlobalIDString = 9F9E4E4A29378B2500E7A1EF;
			remoteInfo = TestProject;
		};
/* End PBXContainerItemProxy section */

/* Begin PBXFileReference section */
		9F9E4E4B29378B2500E7A1EF /* TestProject.app */ = {isa = PBXFileReference; explicitFileType = wrapper.application; includeInIndex = 0; path = TestProject.app; sourceTree = BUILT_PRODUCTS_DIR; };
		9F9E4E4E29378B2500E7A1EF /* TestProjectApp.swift */ = {isa = PBXFileReference; lastKnownFileType = sourcecode.swift; path = TestProjectApp.swift; sourceTree = "<group>"; };
		9F9E4E5029378B2500E7A1EF /* ContentView.swift */ = {isa = PBXFileReference; lastKnownFileType = sourcecode.swift; path = ContentView.swift; sourceTree = "<group>"; };
		9F9E4E5229378B2600E7A1EF /* Assets.xcassets */ = {isa = PBXFileReference; lastKnownFileType = folder.assetcatalog; path = Assets.xcassets; sourceTree = "<group>"; };
		9F9E4E5529378B2600E7A1EF /* Preview Assets.xcassets */ = {isa = PBXFileReference; lastKnownFileType = folder.assetcatalog; path = "Preview Assets.xcassets"; sourceTree = "<group>"; };
		9F9E4E5729378B2600E7A1EF /* Persistence.swift */ = {isa = PBXFileReference; lastKnownFileType = sourcecode.swift; path = Persistence.swift; sourceTree = "<group>"; };
		9F9E4E5A29378B2600E7A1EF /* TestProject.xcdatamodel */ = {isa = PBXFileReference; lastKnownFileType = wrapper.xcdatamodel; path = TestProject.xcdatamodel; sourceTree = "<group>"; };
		9F9E4E6029378B2600E7A1EF /* TestProjectTests.xctest */ = {isa = PBXFileReference; explicitFileType = wrapper.cfbundle; includeInIndex = 0; path = TestProjectTests.xctest; sourceTree = BUILT_PRODUCTS_DIR; };
		9F9E4E6429378B2600E7A1EF /* TestProjectTests.swift */ = {isa = PBXFileReference; lastKnownFileType = sourcecode.swift; path = TestProjectTests.swift; sourceTree = "<group>"; };
		9F9E4E6A29378B2600E7A1EF /* TestProjectUITests.xctest */ = {isa = PBXFileReference; explicitFileType = wrapper.cfbundle; includeInIndex = 0; path = TestProjectUITests.xctest; sourceTree = BUILT_PRODUCTS_DIR; };
		9F9E4E6E29378B2600E7A1EF /* TestProjectUITests.swift */ = {isa = PBXFileReference; lastKnownFileType = sourcecode.swift; path = TestProjectUITests.swift; sourceTree = "<group>"; };
		9F9E4E7029378B2600E7A1EF /* TestProjectUITestsLaunchTests.swift */ = {isa = PBXFileReference; lastKnownFileType = sourcecode.swift; path = TestProjectUITestsLaunchTests.swift; sourceTree = "<group>"; };
		9F9E4E7D29378D7F00E7A1EF /* Words+CoreDataClass.swift */ = {isa = PBXFileReference; lastKnownFileType = sourcecode.swift; path = "Words+CoreDataClass.swift"; sourceTree = "<group>"; };
		9F9E4E7E29378D7F00E7A1EF /* Words+CoreDataProperties.swift */ = {isa = PBXFileReference; lastKnownFileType = sourcecode.swift; path = "Words+CoreDataProperties.swift"; sourceTree = "<group>"; };
/* End PBXFileReference section */

/* Begin PBXFrameworksBuildPhase section */
		9F9E4E4829378B2500E7A1EF /* Frameworks */ = {
			isa = PBXFrameworksBuildPhase;
			buildActionMask = 2147483647;
			files = (
			);
			runOnlyForDeploymentPostprocessing = 0;
		};
		9F9E4E5D29378B2600E7A1EF /* Frameworks */ = {
			isa = PBXFrameworksBuildPhase;
			buildActionMask = 2147483647;
			files = (
			);
			runOnlyForDeploymentPostprocessing = 0;
		};
		9F9E4E6729378B2600E7A1EF /* Frameworks */ = {
			isa = PBXFrameworksBuildPhase;
			buildActionMask = 2147483647;
			files = (
			);
			runOnlyForDeploymentPostprocessing = 0;
		};
/* End PBXFrameworksBuildPhase section */

/* Begin PBXGroup section */
		9F9E4E4229378B2500E7A1EF = {
			isa = PBXGroup;
			children = (
				9F9E4E7D29378D7F00E7A1EF /* Words+CoreDataClass.swift */,
				9F9E4E7E29378D7F00E7A1EF /* Words+CoreDataProperties.swift */,
				9F9E4E4D29378B2500E7A1EF /* TestProject */,
				9F9E4E6329378B2600E7A1EF /* TestProjectTests */,
				9F9E4E6D29378B2600E7A1EF /* TestProjectUITests */,
				9F9E4E4C29378B2500E7A1EF /* Products */,
			);
			sourceTree = "<group>";
		};
		9F9E4E4C29378B2500E7A1EF /* Products */ = {
			isa = PBXGroup;
			children = (
				9F9E4E4B29378B2500E7A1EF /* TestProject.app */,
				9F9E4E6029378B2600E7A1EF /* TestProjectTests.xctest */,
				9F9E4E6A29378B2600E7A1EF /* TestProjectUITests.xctest */,
			);
			name = Products;
			sourceTree = "<group>";
		};
		9F9E4E4D29378B2500E7A1EF /* TestProject */ = {
			isa = PBXGroup;
			children = (
				9F9E4E4E29378B2500E7A1EF /* TestProjectApp.swift */,
				9F9E4E5029378B2500E7A1EF /* ContentView.swift */,
				9F9E4E5229378B2600E7A1EF /* Assets.xcassets */,
				9F9E4E5729378B2600E7A1EF /* Persistence.swift */,
				9F9E4E5929378B2600E7A1EF /* TestProject.xcdatamodeld */,
				9F9E4E5429378B2600E7A1EF /* Preview Content */,
			);
			path = TestProject;
			sourceTree = "<group>";
		};
		9F9E4E5429378B2600E7A1EF /* Preview Content */ = {
			isa = PBXGroup;
			children = (
				9F9E4E5529378B2600E7A1EF /* Preview Assets.xcassets */,
			);
			path = "Preview Content";
			sourceTree = "<group>";
		};
		9F9E4E6329378B2600E7A1EF /* TestProjectTests */ = {
			isa = PBXGroup;
			children = (
				9F9E4E6429378B2600E7A1EF /* TestProjectTests.swift */,
			);
			path = TestProjectTests;
			sourceTree = "<group>";
		};
		9F9E4E6D29378B2600E7A1EF /* TestProjectUITests */ = {
			isa = PBXGroup;
			children = (
				9F9E4E6E29378B2600E7A1EF /* TestProjectUITests.swift */,
				9F9E4E7029378B2600E7A1EF /* TestProjectUITestsLaunchTests.swift */,
			);
			path = TestProjectUITests;
			sourceTree = "<group>";
		};
/* End PBXGroup section */

/* Begin PBXNativeTarget section */
		9F9E4E4A29378B2500E7A1EF /* TestProject */ = {
			isa = PBXNativeTarget;
			buildConfigurationList = 9F9E4E7429378B2600E7A1EF /* Build configuration list for PBXNativeTarget "TestProject" */;
			buildPhases = (
				9F9E4E4729378B2500E7A1EF /* Sources */,
				9F9E4E4829378B2500E7A1EF /* Frameworks */,
				9F9E4E4929378B2500E7A1EF /* Resources */,
			);
			buildRules = (
			);
			dependencies = (
			);
			name = TestProject;
			productName = TestProject;
			productReference = 9F9E4E4B29378B2500E7A1EF /* TestProject.app */;
			productType = "com.apple.product-type.application";
		};
		9F9E4E5F29378B2600E7A1EF /* TestProjectTests */ = {
			isa = PBXNativeTarget;
			buildConfigurationList = 9F9E4E7729378B2600E7A1EF /* Build configuration list for PBXNativeTarget "TestProjectTests" */;
			buildPhases = (
				9F9E4E5C29378B2600E7A1EF /* Sources */,
				9F9E4E5D29378B2600E7A1EF /* Frameworks */,
				9F9E4E5E29378B2600E7A1EF /* Resources */,
			);
			buildRules = (
			);
			dependencies = (
				9F9E4E6229378B2600E7A1EF /* PBXTargetDependency */,
			);
			name = TestProjectTests;
			productName = TestProjectTests;
			productReference = 9F9E4E6029378B2600E7A1EF /* TestProjectTests.xctest */;
			productType = "com.apple.product-type.bundle.unit-test";
		};
		9F9E4E6929378B2600E7A1EF /* TestProjectUITests */ = {
			isa = PBXNativeTarget;
			buildConfigurationList = 9F9E4E7A29378B2600E7A1EF /* Build configuration list for PBXNativeTarget "TestProjectUITests" */;
			buildPhases = (
				9F9E4E6629378B2600E7A1EF /* Sources */,
				9F9E4E6729378B2600E7A1EF /* Frameworks */,
				9F9E4E6829378B2600E7A1EF /* Resources */,
			);
			buildRules = (
			);
			dependencies = (
				9F9E4E6C29378B2600E7A1EF /* PBXTargetDependency */,
			);
			name = TestProjectUITests;
			productName = TestProjectUITests;
			productReference = 9F9E4E6A29378B2600E7A1EF /* TestProjectUITests.xctest */;
			productType = "com.apple.product-type.bundle.ui-testing";
		};
/* End PBXNativeTarget section */

/* Begin PBXProject section */
		9F9E4E4329378B2500E7A1EF /* Project object */ = {
			isa = PBXProject;
			attributes = {
				BuildIndependentTargetsInParallel = 1;
				LastSwiftUpdateCheck = 1410;
				LastUpgradeCheck = 1410;
				TargetAttributes = {
					9F9E4E4A29378B2500E7A1EF = {
						CreatedOnToolsVersion = 14.1;
					};
					9F9E4E5F29378B2600E7A1EF = {
						CreatedOnToolsVersion = 14.1;
						TestTargetID = 9F9E4E4A29378B2500E7A1EF;
					};
					9F9E4E6929378B2600E7A1EF = {
						CreatedOnToolsVersion = 14.1;
						TestTargetID = 9F9E4E4A29378B2500E7A1EF;
					};
				};
			};
			buildConfigurationList = 9F9E4E4629378B2500E7A1EF /* Build configuration list for PBXProject "TestProject" */;
			compatibilityVersion = "Xcode 14.0";
			developmentRegion = en;
			hasScannedForEncodings = 0;
			knownRegions = (
				en,
				Base,
			);
			mainGroup = 9F9E4E4229378B2500E7A1EF;
			productRefGroup = 9F9E4E4C29378B2500E7A1EF /* Products */;
			projectDirPath = "";
			projectRoot = "";
			targets = (
				9F9E4E4A29378B2500E7A1EF /* TestProject */,
				9F9E4E5F29378B2600E7A1EF /* TestProjectTests */,
				9F9E4E6929378B2600E7A1EF /* TestProjectUITests */,
			);
		};
/* End PBXProject section */

/* Begin PBXResourcesBuildPhase section */
		9F9E4E4929378B2500E7A1EF /* Resources */ = {
			isa = PBXResourcesBuildPhase;
			buildActionMask = 2147483647;
			files = (
				9F9E4E5629378B2600E7A1EF /* Preview Assets.xcassets in Resources */,
				9F9E4E5329378B2600E7A1EF /* Assets.xcassets in Resources */,
			);
			runOnlyForDeploymentPostprocessing = 0;
		};
		9F9E4E5E29378B2600E7A1EF /* Resources */ = {
			isa = PBXResourcesBuildPhase;
			buildActionMask = 2147483647;
			files = (
			);
			runOnlyForDeploymentPostprocessing = 0;
		};
		9F9E4E6829378B2600E7A1EF /* Resources */ = {
			isa = PBXResourcesBuildPhase;
			buildActionMask = 2147483647;
			files = (
			);
			runOnlyForDeploymentPostprocessing = 0;
		};
/* End PBXResourcesBuildPhase section */

/* Begin PBXSourcesBuildPhase section */
		9F9E4E4729378B2500E7A1EF /* Sources */ = {
			isa = PBXSourcesBuildPhase;
			buildActionMask = 2147483647;
			files = (
				9F9E4E5829378B2600E7A1EF /* Persistence.swift in Sources */,
				9F9E4E8029378D7F00E7A1EF /* Words+CoreDataProperties.swift in Sources */,
				9F9E4E5129378B2500E7A1EF /* ContentView.swift in Sources */,
				9F9E4E4F29378B2500E7A1EF /* TestProjectApp.swift in Sources */,
				9F9E4E7F29378D7F00E7A1EF /* Words+CoreDataClass.swift in Sources */,
				9F9E4E5B29378B2600E7A1EF /* TestProject.xcdatamodeld in Sources */,
			);
			runOnlyForDeploymentPostprocessing = 0;
		};
		9F9E4E5C29378B2600E7A1EF /* Sources */ = {
			isa = PBXSourcesBuildPhase;
			buildActionMask = 2147483647;
			files = (
				9F9E4E6529378B2600E7A1EF /* TestProjectTests.swift in Sources */,
			);
			runOnlyForDeploymentPostprocessing = 0;
		};
		9F9E4E6629378B2600E7A1EF /* Sources */ = {
			isa = PBXSourcesBuildPhase;
			buildActionMask = 2147483647;
			files = (
				9F9E4E7129378B2600E7A1EF /* TestProjectUITestsLaunchTests.swift in Sources */,
				9F9E4E6F29378B2600E7A1EF /* TestProjectUITests.swift in Sources */,
			);
			runOnlyForDeploymentPostprocessing = 0;
		};
/* End PBXSourcesBuildPhase section */

/* Begin PBXTargetDependency section */
		9F9E4E6229378B2600E7A1EF /* PBXTargetDependency */ = {
			isa = PBXTargetDependency;
			target = 9F9E4E4A29378B2500E7A1EF /* TestProject */;
			targetProxy = 9F9E4E6129378B2600E7A1EF /* PBXContainerItemProxy */;
		};
		9F9E4E6C29378B2600E7A1EF /* PBXTargetDependency */ = {
			isa = PBXTargetDependency;
			target = 9F9E4E4A29378B2500E7A1EF /* TestProject */;
			targetProxy = 9F9E4E6B29378B2600E7A1EF /* PBXContainerItemProxy */;
		};
/* End PBXTargetDependency section */

/* Begin XCBuildConfiguration section */
		9F9E4E7229378B2600E7A1EF /* Debug */ = {
			isa = XCBuildConfiguration;
			buildSettings = {
				ALWAYS_SEARCH_USER_PATHS = NO;
				CLANG_ANALYZER_NONNULL = YES;
				CLANG_ANALYZER_NUMBER_OBJECT_CONVERSION = YES_AGGRESSIVE;
				CLANG_CXX_LANGUAGE_STANDARD = "gnu++20";
				CLANG_ENABLE_MODULES = YES;
				CLANG_ENABLE_OBJC_ARC = YES;
				CLANG_ENABLE_OBJC_WEAK = YES;
				CLANG_WARN_BLOCK_CAPTURE_AUTORELEASING = YES;
				CLANG_WARN_BOOL_CONVERSION = YES;
				CLANG_WARN_COMMA = YES;
				CLANG_WARN_CONSTANT_CONVERSION = YES;
				CLANG_WARN_DEPRECATED_OBJC_IMPLEMENTATIONS = YES;
				CLANG_WARN_DIRECT_OBJC_ISA_USAGE = YES_ERROR;
				CLANG_WARN_DOCUMENTATION_COMMENTS = YES;
				CLANG_WARN_EMPTY_BODY = YES;
				CLANG_WARN_ENUM_CONVERSION = YES;
				CLANG_WARN_INFINITE_RECURSION = YES;
				CLANG_WARN_INT_CONVERSION = YES;
				CLANG_WARN_NON_LITERAL_NULL_CONVERSION = YES;
				CLANG_WARN_OBJC_IMPLICIT_RETAIN_SELF = YES;
				CLANG_WARN_OBJC_LITERAL_CONVERSION = YES;
				CLANG_WARN_OBJC_ROOT_CLASS = YES_ERROR;
				CLANG_WARN_QUOTED_INCLUDE_IN_FRAMEWORK_HEADER = YES;
				CLANG_WARN_RANGE_LOOP_ANALYSIS = YES;
				CLANG_WARN_STRICT_PROTOTYPES = YES;
				CLANG_WARN_SUSPICIOUS_MOVE = YES;
				CLANG_WARN_UNGUARDED_AVAILABILITY = YES_AGGRESSIVE;
				CLANG_WARN_UNREACHABLE_CODE = YES;
				CLANG_WARN__DUPLICATE_METHOD_MATCH = YES;
				COPY_PHASE_STRIP = NO;
				DEBUG_INFORMATION_FORMAT = dwarf;
				ENABLE_STRICT_OBJC_MSGSEND = YES;
				ENABLE_TESTABILITY = YES;
				GCC_C_LANGUAGE_STANDARD = gnu11;
				GCC_DYNAMIC_NO_PIC = NO;
				GCC_NO_COMMON_BLOCKS = YES;
				GCC_OPTIMIZATION_LEVEL = 0;
				GCC_PREPROCESSOR_DEFINITIONS = (
					"DEBUG=1",
					"$(inherited)",
				);
				GCC_WARN_64_TO_32_BIT_CONVERSION = YES;
				GCC_WARN_ABOUT_RETURN_TYPE = YES_ERROR;
				GCC_WARN_UNDECLARED_SELECTOR = YES;
				GCC_WARN_UNINITIALIZED_AUTOS = YES_AGGRESSIVE;
				GCC_WARN_UNUSED_FUNCTION = YES;
				GCC_WARN_UNUSED_VARIABLE = YES;
				IPHONEOS_DEPLOYMENT_TARGET = 16.1;
				MTL_ENABLE_DEBUG_INFO = INCLUDE_SOURCE;
				MTL_FAST_MATH = YES;
				ONLY_ACTIVE_ARCH = YES;
				SDKROOT = iphoneos;
				SWIFT_ACTIVE_COMPILATION_CONDITIONS = DEBUG;
				SWIFT_OPTIMIZATION_LEVEL = "-Onone";
			};
			name = Debug;
		};
		9F9E4E7329378B2600E7A1EF /* Release */ = {
			isa = XCBuildConfiguration;
			buildSettings = {
				ALWAYS_SEARCH_USER_PATHS = NO;
				CLANG_ANALYZER_NONNULL = YES;
				CLANG_ANALYZER_NUMBER_OBJECT_CONVERSION = YES_AGGRESSIVE;
				CLANG_CXX_LANGUAGE_STANDARD = "gnu++20";
				CLANG_ENABLE_MODULES = YES;
				CLANG_ENABLE_OBJC_ARC = YES;
				CLANG_ENABLE_OBJC_WEAK = YES;
				CLANG_WARN_BLOCK_CAPTURE_AUTORELEASING = YES;
				CLANG_WARN_BOOL_CONVERSION = YES;
				CLANG_WARN_COMMA = YES;
				CLANG_WARN_CONSTANT_CONVERSION = YES;
				CLANG_WARN_DEPRECATED_OBJC_IMPLEMENTATIONS = YES;
				CLANG_WARN_DIRECT_OBJC_ISA_USAGE = YES_ERROR;
				CLANG_WARN_DOCUMENTATION_COMMENTS = YES;
				CLANG_WARN_EMPTY_BODY = YES;
				CLANG_WARN_ENUM_CONVERSION = YES;
				CLANG_WARN_INFINITE_RECURSION = YES;
				CLANG_WARN_INT_CONVERSION = YES;
				CLANG_WARN_NON_LITERAL_NULL_CONVERSION = YES;
				CLANG_WARN_OBJC_IMPLICIT_RETAIN_SELF = YES;
				CLANG_WARN_OBJC_LITERAL_CONVERSION = YES;
				CLANG_WARN_OBJC_ROOT_CLASS = YES_ERROR;
				CLANG_WARN_QUOTED_INCLUDE_IN_FRAMEWORK_HEADER = YES;
				CLANG_WARN_RANGE_LOOP_ANALYSIS = YES;
				CLANG_WARN_STRICT_PROTOTYPES = YES;
				CLANG_WARN_SUSPICIOUS_MOVE = YES;
				CLANG_WARN_UNGUARDED_AVAILABILITY = YES_AGGRESSIVE;
				CLANG_WARN_UNREACHABLE_CODE = YES;
				CLANG_WARN__DUPLICATE_METHOD_MATCH = YES;
				COPY_PHASE_STRIP = NO;
				DEBUG_INFORMATION_FORMAT = "dwarf-with-dsym";
				ENABLE_NS_ASSERTIONS = NO;
				ENABLE_STRICT_OBJC_MSGSEND = YES;
				GCC_C_LANGUAGE_STANDARD = gnu11;
				GCC_NO_COMMON_BLOCKS = YES;
				GCC_WARN_64_TO_32_BIT_CONVERSION = YES;
				GCC_WARN_ABOUT_RETURN_TYPE = YES_ERROR;
				GCC_WARN_UNDECLARED_SELECTOR = YES;
				GCC_WARN_UNINITIALIZED_AUTOS = YES_AGGRESSIVE;
				GCC_WARN_UNUSED_FUNCTION = YES;
				GCC_WARN_UNUSED_VARIABLE = YES;
				IPHONEOS_DEPLOYMENT_TARGET = 16.1;
				MTL_ENABLE_DEBUG_INFO = NO;
				MTL_FAST_MATH = YES;
				SDKROOT = iphoneos;
				SWIFT_COMPILATION_MODE = wholemodule;
				SWIFT_OPTIMIZATION_LEVEL = "-O";
				VALIDATE_PRODUCT = YES;
			};
			name = Release;
		};
		9F9E4E7529378B2600E7A1EF /* Debug */ = {
			isa = XCBuildConfiguration;
			buildSettings = {
				ASSETCATALOG_COMPILER_APPICON_NAME = AppIcon;
				ASSETCATALOG_COMPILER_GLOBAL_ACCENT_COLOR_NAME = AccentColor;
				CODE_SIGN_STYLE = Automatic;
				CURRENT_PROJECT_VERSION = 1;
				DEVELOPMENT_ASSET_PATHS = "\"TestProject/Preview Content\"";
				DEVELOPMENT_TEAM = 6Y2468JT4C;
				ENABLE_PREVIEWS = YES;
				GENERATE_INFOPLIST_FILE = YES;
				INFOPLIST_KEY_UIApplicationSceneManifest_Generation = YES;
				INFOPLIST_KEY_UIApplicationSupportsIndirectInputEvents = YES;
				INFOPLIST_KEY_UILaunchScreen_Generation = YES;
				INFOPLIST_KEY_UISupportedInterfaceOrientations_iPad = "UIInterfaceOrientationPortrait UIInterfaceOrientationPortraitUpsideDown UIInterfaceOrientationLandscapeLeft UIInterfaceOrientationLandscapeRight";
				INFOPLIST_KEY_UISupportedInterfaceOrientations_iPhone = "UIInterfaceOrientationPortrait UIInterfaceOrientationLandscapeLeft UIInterfaceOrientationLandscapeRight";
				LD_RUNPATH_SEARCH_PATHS = (
					"$(inherited)",
					"@executable_path/Frameworks",
				);
				MARKETING_VERSION = 1.0;
				PRODUCT_BUNDLE_IDENTIFIER = "Yuus-Swift-Biginners.TestProject";
				PRODUCT_NAME = "$(TARGET_NAME)";
				SWIFT_EMIT_LOC_STRINGS = YES;
				SWIFT_VERSION = 5.0;
				TARGETED_DEVICE_FAMILY = "1,2";
			};
			name = Debug;
		};
		9F9E4E7629378B2600E7A1EF /* Release */ = {
			isa = XCBuildConfiguration;
			buildSettings = {
				ASSETCATALOG_COMPILER_APPICON_NAME = AppIcon;
				ASSETCATALOG_COMPILER_GLOBAL_ACCENT_COLOR_NAME = AccentColor;
				CODE_SIGN_STYLE = Automatic;
				CURRENT_PROJECT_VERSION = 1;
				DEVELOPMENT_ASSET_PATHS = "\"TestProject/Preview Content\"";
				DEVELOPMENT_TEAM = 6Y2468JT4C;
				ENABLE_PREVIEWS = YES;
				GENERATE_INFOPLIST_FILE = YES;
				INFOPLIST_KEY_UIApplicationSceneManifest_Generation = YES;
				INFOPLIST_KEY_UIApplicationSupportsIndirectInputEvents = YES;
				INFOPLIST_KEY_UILaunchScreen_Generation = YES;
				INFOPLIST_KEY_UISupportedInterfaceOrientations_iPad = "UIInterfaceOrientationPortrait UIInterfaceOrientationPortraitUpsideDown UIInterfaceOrientationLandscapeLeft UIInterfaceOrientationLandscapeRight";
				INFOPLIST_KEY_UISupportedInterfaceOrientations_iPhone = "UIInterfaceOrientationPortrait UIInterfaceOrientationLandscapeLeft UIInterfaceOrientationLandscapeRight";
				LD_RUNPATH_SEARCH_PATHS = (
					"$(inherited)",
					"@executable_path/Frameworks",
				);
				MARKETING_VERSION = 1.0;
				PRODUCT_BUNDLE_IDENTIFIER = "Yuus-Swift-Biginners.TestProject";
				PRODUCT_NAME = "$(TARGET_NAME)";
				SWIFT_EMIT_LOC_STRINGS = YES;
				SWIFT_VERSION = 5.0;
				TARGETED_DEVICE_FAMILY = "1,2";
			};
			name = Release;
		};
		9F9E4E7829378B2600E7A1EF /* Debug */ = {
			isa = XCBuildConfiguration;
			buildSettings = {
				ALWAYS_EMBED_SWIFT_STANDARD_LIBRARIES = YES;
				BUNDLE_LOADER = "$(TEST_HOST)";
				CODE_SIGN_STYLE = Automatic;
				CURRENT_PROJECT_VERSION = 1;
				DEVELOPMENT_TEAM = 6Y2468JT4C;
				GENERATE_INFOPLIST_FILE = YES;
				IPHONEOS_DEPLOYMENT_TARGET = 16.1;
				MARKETING_VERSION = 1.0;
				PRODUCT_BUNDLE_IDENTIFIER = "Yuus-Swift-Biginners.TestProjectTests";
				PRODUCT_NAME = "$(TARGET_NAME)";
				SWIFT_EMIT_LOC_STRINGS = NO;
				SWIFT_VERSION = 5.0;
				TARGETED_DEVICE_FAMILY = "1,2";
				TEST_HOST = "$(BUILT_PRODUCTS_DIR)/TestProject.app/$(BUNDLE_EXECUTABLE_FOLDER_PATH)/TestProject";
			};
			name = Debug;
		};
		9F9E4E7929378B2600E7A1EF /* Release */ = {
			isa = XCBuildConfiguration;
			buildSettings = {
				ALWAYS_EMBED_SWIFT_STANDARD_LIBRARIES = YES;
				BUNDLE_LOADER = "$(TEST_HOST)";
				CODE_SIGN_STYLE = Automatic;
				CURRENT_PROJECT_VERSION = 1;
				DEVELOPMENT_TEAM = 6Y2468JT4C;
				GENERATE_INFOPLIST_FILE = YES;
				IPHONEOS_DEPLOYMENT_TARGET = 16.1;
				MARKETING_VERSION = 1.0;
				PRODUCT_BUNDLE_IDENTIFIER = "Yuus-Swift-Biginners.TestProjectTests";
				PRODUCT_NAME = "$(TARGET_NAME)";
				SWIFT_EMIT_LOC_STRINGS = NO;
				SWIFT_VERSION = 5.0;
				TARGETED_DEVICE_FAMILY = "1,2";
				TEST_HOST = "$(BUILT_PRODUCTS_DIR)/TestProject.app/$(BUNDLE_EXECUTABLE_FOLDER_PATH)/TestProject";
			};
			name = Release;
		};
		9F9E4E7B29378B2600E7A1EF /* Debug */ = {
			isa = XCBuildConfiguration;
			buildSettings = {
				ALWAYS_EMBED_SWIFT_STANDARD_LIBRARIES = YES;
				CODE_SIGN_STYLE = Automatic;
				CURRENT_PROJECT_VERSION = 1;
				DEVELOPMENT_TEAM = 6Y2468JT4C;
				GENERATE_INFOPLIST_FILE = YES;
				MARKETING_VERSION = 1.0;
				PRODUCT_BUNDLE_IDENTIFIER = "Yuus-Swift-Biginners.TestProjectUITests";
				PRODUCT_NAME = "$(TARGET_NAME)";
				SWIFT_EMIT_LOC_STRINGS = NO;
				SWIFT_VERSION = 5.0;
				TARGETED_DEVICE_FAMILY = "1,2";
				TEST_TARGET_NAME = TestProject;
			};
			name = Debug;
		};
		9F9E4E7C29378B2600E7A1EF /* Release */ = {
			isa = XCBuildConfiguration;
			buildSettings = {
				ALWAYS_EMBED_SWIFT_STANDARD_LIBRARIES = YES;
				CODE_SIGN_STYLE = Automatic;
				CURRENT_PROJECT_VERSION = 1;
				DEVELOPMENT_TEAM = 6Y2468JT4C;
				GENERATE_INFOPLIST_FILE = YES;
				MARKETING_VERSION = 1.0;
				PRODUCT_BUNDLE_IDENTIFIER = "Yuus-Swift-Biginners.TestProjectUITests";
				PRODUCT_NAME = "$(TARGET_NAME)";
				SWIFT_EMIT_LOC_STRINGS = NO;
				SWIFT_VERSION = 5.0;
				TARGETED_DEVICE_FAMILY = "1,2";
				TEST_TARGET_NAME = TestProject;
			};
			name = Release;
		};
/* End XCBuildConfiguration section */

/* Begin XCConfigurationList section */
		9F9E4E4629378B2500E7A1EF /* Build configuration list for PBXProject "TestProject" */ = {
			isa = XCConfigurationList;
			buildConfigurations = (
				9F9E4E7229378B2600E7A1EF /* Debug */,
				9F9E4E7329378B2600E7A1EF /* Release */,
			);
			defaultConfigurationIsVisible = 0;
			defaultConfigurationName = Release;
		};
		9F9E4E7429378B2600E7A1EF /* Build configuration list for PBXNativeTarget "TestProject" */ = {
			isa = XCConfigurationList;
			buildConfigurations = (
				9F9E4E7529378B2600E7A1EF /* Debug */,
				9F9E4E7629378B2600E7A1EF /* Release */,
			);
			defaultConfigurationIsVisible = 0;
			defaultConfigurationName = Release;
		};
		9F9E4E7729378B2600E7A1EF /* Build configuration list for PBXNativeTarget "TestProjectTests" */ = {
			isa = XCConfigurationList;
			buildConfigurations = (
				9F9E4E7829378B2600E7A1EF /* Debug */,
				9F9E4E7929378B2600E7A1EF /* Release */,
			);
			defaultConfigurationIsVisible = 0;
			defaultConfigurationName = Release;
		};
		9F9E4E7A29378B2600E7A1EF /* Build configuration list for PBXNativeTarget "TestProjectUITests" */ = {
			isa = XCConfigurationList;
			buildConfigurations = (
				9F9E4E7B29378B2600E7A1EF /* Debug */,
				9F9E4E7C29378B2600E7A1EF /* Release */,
			);
			defaultConfigurationIsVisible = 0;
			defaultConfigurationName = Release;
		};
/* End XCConfigurationList section */

/* Begin XCVersionGroup section */
		9F9E4E5929378B2600E7A1EF /* TestProject.xcdatamodeld */ = {
			isa = XCVersionGroup;
			children = (
				9F9E4E5A29378B2600E7A1EF /* TestProject.xcdatamodel */,
			);
			currentVersion = 9F9E4E5A29378B2600E7A1EF /* TestProject.xcdatamodel */;
			path = TestProject.xcdatamodeld;
			sourceTree = "<group>";
			versionGroupType = wrapper.xcdatamodel;
		};
/* End XCVersionGroup section */
	};
	rootObject = 9F9E4E4329378B2500E7A1EF /* Project object */;
}
